
Microsoft Visual Studio Solution File, Format Version 12.00
# Visual Studio 15
VisualStudioVersion = 15.0.28307.645
MinimumVisualStudioVersion = 10.0.40219.1
Project("{FAE04EC0-301F-11D3-BF4B-00C04F79EFBC}") = "01ReverseStrings", "01ReverseStrings\01ReverseStrings.csproj", "{2F33883E-A34C-4871-BFA9-53DFEF3C9C7C}"
EndProject
Project("{FAE04EC0-301F-11D3-BF4B-00C04F79EFBC}") = "02RepeatStrings", "02RepeatStrings\02RepeatStrings.csproj", "{C23B7F30-2F75-44EF-BF54-DE73F846F1EE}"
EndProject
Project("{FAE04EC0-301F-11D3-BF4B-00C04F79EFBC}") = "03Substring", "03Substring\03Substring.csproj", "{BA0BF35E-BD77-4725-B4CD-F05FBB35B1B9}"
EndProject
Project("{FAE04EC0-301F-11D3-BF4B-00C04F79EFBC}") = "04TextFilter", "04TextFilter\04TextFilter.csproj", "{1835093F-AF06-47B9-BC6B-8A49C7AACDC9}"
EndProject
Project("{FAE04EC0-301F-11D3-BF4B-00C04F79EFBC}") = "05DigitsLettersAndOther", "05DigitsLettersAndOther\05DigitsLettersAndOther.csproj", "{A39A22E8-28AF-4009-8ADF-DFB6A1739724}"
EndProject
Global
	GlobalSection(SolutionConfigurationPlatforms) = preSolution
		Debug|Any CPU = Debug|Any CPU
		Release|Any CPU = Release|Any CPU
	EndGlobalSection
	GlobalSection(ProjectConfigurationPlatforms) = postSolution
		{2F33883E-A34C-4871-BFA9-53DFEF3C9C7C}.Debug|Any CPU.ActiveCfg = Debug|Any CPU
		{2F33883E-A34C-4871-BFA9-53DFEF3C9C7C}.Debug|Any CPU.Build.0 = Debug|Any CPU
		{2F33883E-A34C-4871-BFA9-53DFEF3C9C7C}.Release|Any CPU.ActiveCfg = Release|Any CPU
		{2F33883E-A34C-4871-BFA9-53DFEF3C9C7C}.Release|Any CPU.Build.0 = Release|Any CPU
		{C23B7F30-2F75-44EF-BF54-DE73F846F1EE}.Debug|Any CPU.ActiveCfg = Debug|Any CPU
		{C23B7F30-2F75-44EF-BF54-DE73F846F1EE}.Debug|Any CPU.Build.0 = Debug|Any CPU
		{C23B7F30-2F75-44EF-BF54-DE73F846F1EE}.Release|Any CPU.ActiveCfg = Release|Any CPU
		{C23B7F30-2F75-44EF-BF54-DE73F846F1EE}.Release|Any CPU.Build.0 = Release|Any CPU
		{BA0BF35E-BD77-4725-B4CD-F05FBB35B1B9}.Debug|Any CPU.ActiveCfg = Debug|Any CPU
		{BA0BF35E-BD77-4725-B4CD-F05FBB35B1B9}.Debug|Any CPU.Build.0 = Debug|Any CPU
		{BA0BF35E-BD77-4725-B4CD-F05FBB35B1B9}.Release|Any CPU.ActiveCfg = Release|Any CPU
		{BA0BF35E-BD77-4725-B4CD-F05FBB35B1B9}.Release|Any CPU.Build.0 = Release|Any CPU
		{1835093F-AF06-47B9-BC6B-8A49C7AACDC9}.Debug|Any CPU.ActiveCfg = Debug|Any CPU
		{1835093F-AF06-47B9-BC6B-8A49C7AACDC9}.Debug|Any CPU.Build.0 = Debug|Any CPU
		{1835093F-AF06-47B9-BC6B-8A49C7AACDC9}.Release|Any CPU.ActiveCfg = Release|Any CPU
		{1835093F-AF06-47B9-BC6B-8A49C7AACDC9}.Release|Any CPU.Build.0 = Release|Any CPU
		{A39A22E8-28AF-4009-8ADF-DFB6A1739724}.Debug|Any CPU.ActiveCfg = Debug|Any CPU
		{A39A22E8-28AF-4009-8ADF-DFB6A1739724}.Debug|Any CPU.Build.0 = Debug|Any CPU
		{A39A22E8-28AF-4009-8ADF-DFB6A1739724}.Release|Any CPU.ActiveCfg = Release|Any CPU
		{A39A22E8-28AF-4009-8ADF-DFB6A1739724}.Release|Any CPU.Build.0 = Release|Any CPU
	EndGlobalSection
	GlobalSection(SolutionProperties) = preSolution
		HideSolutionNode = FALSE
	EndGlobalSection
	GlobalSection(ExtensibilityGlobals) = postSolution
		SolutionGuid = {629DEAA7-EC5B-4AE0-B5F0-075319D4E1F9}
	EndGlobalSection
EndGlobal
