
Microsoft Visual Studio Solution File, Format Version 12.00
# Visual Studio 15
VisualStudioVersion = 15.0.28307.645
MinimumVisualStudioVersion = 10.0.40219.1
Project("{FAE04EC0-301F-11D3-BF4B-00C04F79EFBC}") = "01CountRealNumbers", "01CountRealNumbers\01CountRealNumbers.csproj", "{1C1568F5-2A96-41CB-9A98-8E9FEFC49041}"
EndProject
Project("{FAE04EC0-301F-11D3-BF4B-00C04F79EFBC}") = "02OddOccurrences", "02OddOccurrences\02OddOccurrences.csproj", "{B55A0AEB-AD86-4818-80CE-1349B75541D7}"
EndProject
Project("{FAE04EC0-301F-11D3-BF4B-00C04F79EFBC}") = "03WordSynonyms", "03WordSynonyms\03WordSynonyms.csproj", "{925F186F-1466-45CF-A403-824870CB5745}"
EndProject
Project("{FAE04EC0-301F-11D3-BF4B-00C04F79EFBC}") = "04Largest3Numbers", "04Largest3Numbers\04Largest3Numbers.csproj", "{006AC59C-4374-437E-A7B9-59EE9FE7D931}"
EndProject
Project("{FAE04EC0-301F-11D3-BF4B-00C04F79EFBC}") = "05WordFilter", "05WordFilter\05WordFilter.csproj", "{19664C8D-01E0-448B-AB3C-5967864F0AEF}"
EndProject
Global
	GlobalSection(SolutionConfigurationPlatforms) = preSolution
		Debug|Any CPU = Debug|Any CPU
		Release|Any CPU = Release|Any CPU
	EndGlobalSection
	GlobalSection(ProjectConfigurationPlatforms) = postSolution
		{1C1568F5-2A96-41CB-9A98-8E9FEFC49041}.Debug|Any CPU.ActiveCfg = Debug|Any CPU
		{1C1568F5-2A96-41CB-9A98-8E9FEFC49041}.Debug|Any CPU.Build.0 = Debug|Any CPU
		{1C1568F5-2A96-41CB-9A98-8E9FEFC49041}.Release|Any CPU.ActiveCfg = Release|Any CPU
		{1C1568F5-2A96-41CB-9A98-8E9FEFC49041}.Release|Any CPU.Build.0 = Release|Any CPU
		{B55A0AEB-AD86-4818-80CE-1349B75541D7}.Debug|Any CPU.ActiveCfg = Debug|Any CPU
		{B55A0AEB-AD86-4818-80CE-1349B75541D7}.Debug|Any CPU.Build.0 = Debug|Any CPU
		{B55A0AEB-AD86-4818-80CE-1349B75541D7}.Release|Any CPU.ActiveCfg = Release|Any CPU
		{B55A0AEB-AD86-4818-80CE-1349B75541D7}.Release|Any CPU.Build.0 = Release|Any CPU
		{925F186F-1466-45CF-A403-824870CB5745}.Debug|Any CPU.ActiveCfg = Debug|Any CPU
		{925F186F-1466-45CF-A403-824870CB5745}.Debug|Any CPU.Build.0 = Debug|Any CPU
		{925F186F-1466-45CF-A403-824870CB5745}.Release|Any CPU.ActiveCfg = Release|Any CPU
		{925F186F-1466-45CF-A403-824870CB5745}.Release|Any CPU.Build.0 = Release|Any CPU
		{006AC59C-4374-437E-A7B9-59EE9FE7D931}.Debug|Any CPU.ActiveCfg = Debug|Any CPU
		{006AC59C-4374-437E-A7B9-59EE9FE7D931}.Debug|Any CPU.Build.0 = Debug|Any CPU
		{006AC59C-4374-437E-A7B9-59EE9FE7D931}.Release|Any CPU.ActiveCfg = Release|Any CPU
		{006AC59C-4374-437E-A7B9-59EE9FE7D931}.Release|Any CPU.Build.0 = Release|Any CPU
		{19664C8D-01E0-448B-AB3C-5967864F0AEF}.Debug|Any CPU.ActiveCfg = Debug|Any CPU
		{19664C8D-01E0-448B-AB3C-5967864F0AEF}.Debug|Any CPU.Build.0 = Debug|Any CPU
		{19664C8D-01E0-448B-AB3C-5967864F0AEF}.Release|Any CPU.ActiveCfg = Release|Any CPU
		{19664C8D-01E0-448B-AB3C-5967864F0AEF}.Release|Any CPU.Build.0 = Release|Any CPU
	EndGlobalSection
	GlobalSection(SolutionProperties) = preSolution
		HideSolutionNode = FALSE
	EndGlobalSection
	GlobalSection(ExtensibilityGlobals) = postSolution
		SolutionGuid = {F55EC68C-15DD-4608-B97D-D45C3D0117EF}
	EndGlobalSection
EndGlobal
