
Microsoft Visual Studio Solution File, Format Version 12.00
# Visual Studio 14
VisualStudioVersion = 14.0.25420.1
MinimumVisualStudioVersion = 10.0.40219.1
Project("{FAE04EC0-301F-11D3-BF4B-00C04F79EFBC}") = "01BiscuitsFactory", "01BiscuitsFactory\01BiscuitsFactory.csproj", "{8A754BCA-5BAB-4273-BAB4-631D51A1A381}"
EndProject
Project("{FAE04EC0-301F-11D3-BF4B-00C04F79EFBC}") = "02Weaponsmith", "02Weaponsmith\02Weaponsmith.csproj", "{7C4B7E13-D29F-4F80-8F7C-4FB744EBC845}"
EndProject
Project("{FAE04EC0-301F-11D3-BF4B-00C04F79EFBC}") = "03WizardPoker", "03WizardPoker\03WizardPoker.csproj", "{726B187D-A749-4057-9BA4-2BA0BABEA12A}"
EndProject
Global
	GlobalSection(SolutionConfigurationPlatforms) = preSolution
		Debug|Any CPU = Debug|Any CPU
		Release|Any CPU = Release|Any CPU
	EndGlobalSection
	GlobalSection(ProjectConfigurationPlatforms) = postSolution
		{8A754BCA-5BAB-4273-BAB4-631D51A1A381}.Debug|Any CPU.ActiveCfg = Debug|Any CPU
		{8A754BCA-5BAB-4273-BAB4-631D51A1A381}.Debug|Any CPU.Build.0 = Debug|Any CPU
		{8A754BCA-5BAB-4273-BAB4-631D51A1A381}.Release|Any CPU.ActiveCfg = Release|Any CPU
		{8A754BCA-5BAB-4273-BAB4-631D51A1A381}.Release|Any CPU.Build.0 = Release|Any CPU
		{7C4B7E13-D29F-4F80-8F7C-4FB744EBC845}.Debug|Any CPU.ActiveCfg = Debug|Any CPU
		{7C4B7E13-D29F-4F80-8F7C-4FB744EBC845}.Debug|Any CPU.Build.0 = Debug|Any CPU
		{7C4B7E13-D29F-4F80-8F7C-4FB744EBC845}.Release|Any CPU.ActiveCfg = Release|Any CPU
		{7C4B7E13-D29F-4F80-8F7C-4FB744EBC845}.Release|Any CPU.Build.0 = Release|Any CPU
		{726B187D-A749-4057-9BA4-2BA0BABEA12A}.Debug|Any CPU.ActiveCfg = Debug|Any CPU
		{726B187D-A749-4057-9BA4-2BA0BABEA12A}.Debug|Any CPU.Build.0 = Debug|Any CPU
		{726B187D-A749-4057-9BA4-2BA0BABEA12A}.Release|Any CPU.ActiveCfg = Release|Any CPU
		{726B187D-A749-4057-9BA4-2BA0BABEA12A}.Release|Any CPU.Build.0 = Release|Any CPU
	EndGlobalSection
	GlobalSection(SolutionProperties) = preSolution
		HideSolutionNode = FALSE
	EndGlobalSection
EndGlobal
