
Microsoft Visual Studio Solution File, Format Version 12.00
# Visual Studio 14
VisualStudioVersion = 14.0.25420.1
MinimumVisualStudioVersion = 10.0.40219.1
Project("{FAE04EC0-301F-11D3-BF4B-00C04F79EFBC}") = "01ConvertMetersToKilometers", "01ConvertMetersToKilometers\01ConvertMetersToKilometers.csproj", "{BDAE6783-F5BD-4C58-BEE4-7895CEF726E7}"
EndProject
Project("{FAE04EC0-301F-11D3-BF4B-00C04F79EFBC}") = "02PoundsToDollars", "02PoundsToDollars\02PoundsToDollars.csproj", "{EE728EFE-4E3C-4401-9151-451F8D50E8A0}"
EndProject
Project("{FAE04EC0-301F-11D3-BF4B-00C04F79EFBC}") = "03ExactSumOfRealNumbers", "03ExactSumOfRealNumbers\03ExactSumOfRealNumbers.csproj", "{91488ED8-B16C-4D60-8809-402381AA8A36}"
EndProject
Project("{FAE04EC0-301F-11D3-BF4B-00C04F79EFBC}") = "05SpecialNumbers", "05SpecialNumbers\05SpecialNumbers.csproj", "{611CAE09-C4AD-4D88-BF59-9C551D5C7CAF}"
EndProject
Project("{FAE04EC0-301F-11D3-BF4B-00C04F79EFBC}") = "04CenturiesToMinutes", "04CenturiesToMinutes\04CenturiesToMinutes.csproj", "{9691F2F1-13C7-4108-AD5B-3DE95C9454DD}"
EndProject
Project("{FAE04EC0-301F-11D3-BF4B-00C04F79EFBC}") = "06ReversedChars", "06ReversedChars\06ReversedChars.csproj", "{997F66A3-0CF9-4836-8E85-7A2F9DE1F32F}"
EndProject
Project("{FAE04EC0-301F-11D3-BF4B-00C04F79EFBC}") = "07ConcatNames", "07ConcatNames\07ConcatNames.csproj", "{3C2703AB-1A0F-44C9-BEA7-24E36C58B2CC}"
EndProject
Project("{FAE04EC0-301F-11D3-BF4B-00C04F79EFBC}") = "08TownInfo", "08TownInfo\08TownInfo.csproj", "{2085BEDB-ACA3-49D6-8091-81CC3B33452A}"
EndProject
Project("{FAE04EC0-301F-11D3-BF4B-00C04F79EFBC}") = "09CharsToString", "09CharsToString\09CharsToString.csproj", "{F0F0F199-5D9F-4F4F-BE50-E632F242E88A}"
EndProject
Project("{FAE04EC0-301F-11D3-BF4B-00C04F79EFBC}") = "10LowerOrUpper", "10LowerOrUpper\10LowerOrUpper.csproj", "{734D41EB-A64B-46FF-81DB-BCAB27663ED1}"
EndProject
Global
	GlobalSection(SolutionConfigurationPlatforms) = preSolution
		Debug|Any CPU = Debug|Any CPU
		Release|Any CPU = Release|Any CPU
	EndGlobalSection
	GlobalSection(ProjectConfigurationPlatforms) = postSolution
		{BDAE6783-F5BD-4C58-BEE4-7895CEF726E7}.Debug|Any CPU.ActiveCfg = Debug|Any CPU
		{BDAE6783-F5BD-4C58-BEE4-7895CEF726E7}.Debug|Any CPU.Build.0 = Debug|Any CPU
		{BDAE6783-F5BD-4C58-BEE4-7895CEF726E7}.Release|Any CPU.ActiveCfg = Release|Any CPU
		{BDAE6783-F5BD-4C58-BEE4-7895CEF726E7}.Release|Any CPU.Build.0 = Release|Any CPU
		{EE728EFE-4E3C-4401-9151-451F8D50E8A0}.Debug|Any CPU.ActiveCfg = Debug|Any CPU
		{EE728EFE-4E3C-4401-9151-451F8D50E8A0}.Debug|Any CPU.Build.0 = Debug|Any CPU
		{EE728EFE-4E3C-4401-9151-451F8D50E8A0}.Release|Any CPU.ActiveCfg = Release|Any CPU
		{EE728EFE-4E3C-4401-9151-451F8D50E8A0}.Release|Any CPU.Build.0 = Release|Any CPU
		{91488ED8-B16C-4D60-8809-402381AA8A36}.Debug|Any CPU.ActiveCfg = Debug|Any CPU
		{91488ED8-B16C-4D60-8809-402381AA8A36}.Debug|Any CPU.Build.0 = Debug|Any CPU
		{91488ED8-B16C-4D60-8809-402381AA8A36}.Release|Any CPU.ActiveCfg = Release|Any CPU
		{91488ED8-B16C-4D60-8809-402381AA8A36}.Release|Any CPU.Build.0 = Release|Any CPU
		{611CAE09-C4AD-4D88-BF59-9C551D5C7CAF}.Debug|Any CPU.ActiveCfg = Debug|Any CPU
		{611CAE09-C4AD-4D88-BF59-9C551D5C7CAF}.Debug|Any CPU.Build.0 = Debug|Any CPU
		{611CAE09-C4AD-4D88-BF59-9C551D5C7CAF}.Release|Any CPU.ActiveCfg = Release|Any CPU
		{611CAE09-C4AD-4D88-BF59-9C551D5C7CAF}.Release|Any CPU.Build.0 = Release|Any CPU
		{9691F2F1-13C7-4108-AD5B-3DE95C9454DD}.Debug|Any CPU.ActiveCfg = Debug|Any CPU
		{9691F2F1-13C7-4108-AD5B-3DE95C9454DD}.Debug|Any CPU.Build.0 = Debug|Any CPU
		{9691F2F1-13C7-4108-AD5B-3DE95C9454DD}.Release|Any CPU.ActiveCfg = Release|Any CPU
		{9691F2F1-13C7-4108-AD5B-3DE95C9454DD}.Release|Any CPU.Build.0 = Release|Any CPU
		{997F66A3-0CF9-4836-8E85-7A2F9DE1F32F}.Debug|Any CPU.ActiveCfg = Debug|Any CPU
		{997F66A3-0CF9-4836-8E85-7A2F9DE1F32F}.Debug|Any CPU.Build.0 = Debug|Any CPU
		{997F66A3-0CF9-4836-8E85-7A2F9DE1F32F}.Release|Any CPU.ActiveCfg = Release|Any CPU
		{997F66A3-0CF9-4836-8E85-7A2F9DE1F32F}.Release|Any CPU.Build.0 = Release|Any CPU
		{3C2703AB-1A0F-44C9-BEA7-24E36C58B2CC}.Debug|Any CPU.ActiveCfg = Debug|Any CPU
		{3C2703AB-1A0F-44C9-BEA7-24E36C58B2CC}.Debug|Any CPU.Build.0 = Debug|Any CPU
		{3C2703AB-1A0F-44C9-BEA7-24E36C58B2CC}.Release|Any CPU.ActiveCfg = Release|Any CPU
		{3C2703AB-1A0F-44C9-BEA7-24E36C58B2CC}.Release|Any CPU.Build.0 = Release|Any CPU
		{2085BEDB-ACA3-49D6-8091-81CC3B33452A}.Debug|Any CPU.ActiveCfg = Debug|Any CPU
		{2085BEDB-ACA3-49D6-8091-81CC3B33452A}.Debug|Any CPU.Build.0 = Debug|Any CPU
		{2085BEDB-ACA3-49D6-8091-81CC3B33452A}.Release|Any CPU.ActiveCfg = Release|Any CPU
		{2085BEDB-ACA3-49D6-8091-81CC3B33452A}.Release|Any CPU.Build.0 = Release|Any CPU
		{F0F0F199-5D9F-4F4F-BE50-E632F242E88A}.Debug|Any CPU.ActiveCfg = Debug|Any CPU
		{F0F0F199-5D9F-4F4F-BE50-E632F242E88A}.Debug|Any CPU.Build.0 = Debug|Any CPU
		{F0F0F199-5D9F-4F4F-BE50-E632F242E88A}.Release|Any CPU.ActiveCfg = Release|Any CPU
		{F0F0F199-5D9F-4F4F-BE50-E632F242E88A}.Release|Any CPU.Build.0 = Release|Any CPU
		{734D41EB-A64B-46FF-81DB-BCAB27663ED1}.Debug|Any CPU.ActiveCfg = Debug|Any CPU
		{734D41EB-A64B-46FF-81DB-BCAB27663ED1}.Debug|Any CPU.Build.0 = Debug|Any CPU
		{734D41EB-A64B-46FF-81DB-BCAB27663ED1}.Release|Any CPU.ActiveCfg = Release|Any CPU
		{734D41EB-A64B-46FF-81DB-BCAB27663ED1}.Release|Any CPU.Build.0 = Release|Any CPU
	EndGlobalSection
	GlobalSection(SolutionProperties) = preSolution
		HideSolutionNode = FALSE
	EndGlobalSection
EndGlobal
