
Microsoft Visual Studio Solution File, Format Version 12.00
# Visual Studio 15
VisualStudioVersion = 15.0.28307.645
MinimumVisualStudioVersion = 10.0.40219.1
Project("{FAE04EC0-301F-11D3-BF4B-00C04F79EFBC}") = "01CountCharsInAString", "01CountCharsInAString\01CountCharsInAString.csproj", "{E0DF982E-859F-4AC4-80FE-A0740C1DDE58}"
EndProject
Project("{FAE04EC0-301F-11D3-BF4B-00C04F79EFBC}") = "02AMinerTask", "02AMinerTask\02AMinerTask.csproj", "{110A68E0-0183-4346-8D98-EA82CAD4FB47}"
EndProject
Project("{FAE04EC0-301F-11D3-BF4B-00C04F79EFBC}") = "03LegendaryFarming", "03LegendaryFarming\03LegendaryFarming.csproj", "{7DF0E669-102F-44EE-9AE5-88A5662FD083}"
EndProject
Project("{FAE04EC0-301F-11D3-BF4B-00C04F79EFBC}") = "04Orders", "04Orders\04Orders.csproj", "{5CC3E57D-7C7C-4A9C-9B5E-C23FBC6E7157}"
EndProject
Project("{FAE04EC0-301F-11D3-BF4B-00C04F79EFBC}") = "05SoftUniParking", "05SoftUniParking\05SoftUniParking.csproj", "{CC654E9B-CA4E-4ADA-9AE1-F37276340090}"
EndProject
Project("{FAE04EC0-301F-11D3-BF4B-00C04F79EFBC}") = "06Courses", "06Courses\06Courses.csproj", "{9357E7AE-E952-46E4-BBD1-EDFC2527EE66}"
EndProject
Project("{FAE04EC0-301F-11D3-BF4B-00C04F79EFBC}") = "07StudentAcademy", "07StudentAcademy\07StudentAcademy.csproj", "{604AE796-4A03-4D8E-90D8-E51D3754C4DA}"
EndProject
Project("{FAE04EC0-301F-11D3-BF4B-00C04F79EFBC}") = "08CompanyUsers", "08CompanyUsers\08CompanyUsers.csproj", "{DC0BE86C-3DBF-4D4E-A45A-C3A724375A5C}"
EndProject
Project("{FAE04EC0-301F-11D3-BF4B-00C04F79EFBC}") = "09ForceBook", "09ForceBook\09ForceBook.csproj", "{1FE4CA47-A549-448C-B678-038D609B39ED}"
EndProject
Global
	GlobalSection(SolutionConfigurationPlatforms) = preSolution
		Debug|Any CPU = Debug|Any CPU
		Release|Any CPU = Release|Any CPU
	EndGlobalSection
	GlobalSection(ProjectConfigurationPlatforms) = postSolution
		{E0DF982E-859F-4AC4-80FE-A0740C1DDE58}.Debug|Any CPU.ActiveCfg = Debug|Any CPU
		{E0DF982E-859F-4AC4-80FE-A0740C1DDE58}.Debug|Any CPU.Build.0 = Debug|Any CPU
		{E0DF982E-859F-4AC4-80FE-A0740C1DDE58}.Release|Any CPU.ActiveCfg = Release|Any CPU
		{E0DF982E-859F-4AC4-80FE-A0740C1DDE58}.Release|Any CPU.Build.0 = Release|Any CPU
		{110A68E0-0183-4346-8D98-EA82CAD4FB47}.Debug|Any CPU.ActiveCfg = Debug|Any CPU
		{110A68E0-0183-4346-8D98-EA82CAD4FB47}.Debug|Any CPU.Build.0 = Debug|Any CPU
		{110A68E0-0183-4346-8D98-EA82CAD4FB47}.Release|Any CPU.ActiveCfg = Release|Any CPU
		{110A68E0-0183-4346-8D98-EA82CAD4FB47}.Release|Any CPU.Build.0 = Release|Any CPU
		{7DF0E669-102F-44EE-9AE5-88A5662FD083}.Debug|Any CPU.ActiveCfg = Debug|Any CPU
		{7DF0E669-102F-44EE-9AE5-88A5662FD083}.Debug|Any CPU.Build.0 = Debug|Any CPU
		{7DF0E669-102F-44EE-9AE5-88A5662FD083}.Release|Any CPU.ActiveCfg = Release|Any CPU
		{7DF0E669-102F-44EE-9AE5-88A5662FD083}.Release|Any CPU.Build.0 = Release|Any CPU
		{5CC3E57D-7C7C-4A9C-9B5E-C23FBC6E7157}.Debug|Any CPU.ActiveCfg = Debug|Any CPU
		{5CC3E57D-7C7C-4A9C-9B5E-C23FBC6E7157}.Debug|Any CPU.Build.0 = Debug|Any CPU
		{5CC3E57D-7C7C-4A9C-9B5E-C23FBC6E7157}.Release|Any CPU.ActiveCfg = Release|Any CPU
		{5CC3E57D-7C7C-4A9C-9B5E-C23FBC6E7157}.Release|Any CPU.Build.0 = Release|Any CPU
		{CC654E9B-CA4E-4ADA-9AE1-F37276340090}.Debug|Any CPU.ActiveCfg = Debug|Any CPU
		{CC654E9B-CA4E-4ADA-9AE1-F37276340090}.Debug|Any CPU.Build.0 = Debug|Any CPU
		{CC654E9B-CA4E-4ADA-9AE1-F37276340090}.Release|Any CPU.ActiveCfg = Release|Any CPU
		{CC654E9B-CA4E-4ADA-9AE1-F37276340090}.Release|Any CPU.Build.0 = Release|Any CPU
		{9357E7AE-E952-46E4-BBD1-EDFC2527EE66}.Debug|Any CPU.ActiveCfg = Debug|Any CPU
		{9357E7AE-E952-46E4-BBD1-EDFC2527EE66}.Debug|Any CPU.Build.0 = Debug|Any CPU
		{9357E7AE-E952-46E4-BBD1-EDFC2527EE66}.Release|Any CPU.ActiveCfg = Release|Any CPU
		{9357E7AE-E952-46E4-BBD1-EDFC2527EE66}.Release|Any CPU.Build.0 = Release|Any CPU
		{604AE796-4A03-4D8E-90D8-E51D3754C4DA}.Debug|Any CPU.ActiveCfg = Debug|Any CPU
		{604AE796-4A03-4D8E-90D8-E51D3754C4DA}.Debug|Any CPU.Build.0 = Debug|Any CPU
		{604AE796-4A03-4D8E-90D8-E51D3754C4DA}.Release|Any CPU.ActiveCfg = Release|Any CPU
		{604AE796-4A03-4D8E-90D8-E51D3754C4DA}.Release|Any CPU.Build.0 = Release|Any CPU
		{DC0BE86C-3DBF-4D4E-A45A-C3A724375A5C}.Debug|Any CPU.ActiveCfg = Debug|Any CPU
		{DC0BE86C-3DBF-4D4E-A45A-C3A724375A5C}.Debug|Any CPU.Build.0 = Debug|Any CPU
		{DC0BE86C-3DBF-4D4E-A45A-C3A724375A5C}.Release|Any CPU.ActiveCfg = Release|Any CPU
		{DC0BE86C-3DBF-4D4E-A45A-C3A724375A5C}.Release|Any CPU.Build.0 = Release|Any CPU
		{1FE4CA47-A549-448C-B678-038D609B39ED}.Debug|Any CPU.ActiveCfg = Debug|Any CPU
		{1FE4CA47-A549-448C-B678-038D609B39ED}.Debug|Any CPU.Build.0 = Debug|Any CPU
		{1FE4CA47-A549-448C-B678-038D609B39ED}.Release|Any CPU.ActiveCfg = Release|Any CPU
		{1FE4CA47-A549-448C-B678-038D609B39ED}.Release|Any CPU.Build.0 = Release|Any CPU
	EndGlobalSection
	GlobalSection(SolutionProperties) = preSolution
		HideSolutionNode = FALSE
	EndGlobalSection
	GlobalSection(ExtensibilityGlobals) = postSolution
		SolutionGuid = {106019F5-47F6-4477-A49B-7107967F7A36}
	EndGlobalSection
EndGlobal
