
Microsoft Visual Studio Solution File, Format Version 12.00
# Visual Studio 14
VisualStudioVersion = 14.0.25420.1
MinimumVisualStudioVersion = 10.0.40219.1
Project("{FAE04EC0-301F-11D3-BF4B-00C04F79EFBC}") = "01SortNumbers", "01SortNumbers\01SortNumbers.csproj", "{BBB2B4CE-EF04-421D-9FD5-8799163D661A}"
EndProject
Project("{FAE04EC0-301F-11D3-BF4B-00C04F79EFBC}") = "02EnglishNameOfTheLastDigit", "02EnglishNameOfTheLastDigit\02EnglishNameOfTheLastDigit.csproj", "{413537DD-373E-4D00-967C-93338D4E1B34}"
EndProject
Project("{FAE04EC0-301F-11D3-BF4B-00C04F79EFBC}") = "03GamingStore", "03GamingStore\03GamingStore.csproj", "{EF6DC2BA-B4A5-43B5-851A-A4486ED25BAF}"
EndProject
Project("{FAE04EC0-301F-11D3-BF4B-00C04F79EFBC}") = "04ReverseString", "04ReverseString\04ReverseString.csproj", "{3DF3846F-E5BF-415D-AC54-D94E826E4A05}"
EndProject
Project("{FAE04EC0-301F-11D3-BF4B-00C04F79EFBC}") = "05Messages", "05Messages\05Messages.csproj", "{173F1A2F-4FEF-4DB4-8B2B-E07DD8AE4FDB}"
EndProject
Global
	GlobalSection(SolutionConfigurationPlatforms) = preSolution
		Debug|Any CPU = Debug|Any CPU
		Release|Any CPU = Release|Any CPU
	EndGlobalSection
	GlobalSection(ProjectConfigurationPlatforms) = postSolution
		{BBB2B4CE-EF04-421D-9FD5-8799163D661A}.Debug|Any CPU.ActiveCfg = Debug|Any CPU
		{BBB2B4CE-EF04-421D-9FD5-8799163D661A}.Debug|Any CPU.Build.0 = Debug|Any CPU
		{BBB2B4CE-EF04-421D-9FD5-8799163D661A}.Release|Any CPU.ActiveCfg = Release|Any CPU
		{BBB2B4CE-EF04-421D-9FD5-8799163D661A}.Release|Any CPU.Build.0 = Release|Any CPU
		{413537DD-373E-4D00-967C-93338D4E1B34}.Debug|Any CPU.ActiveCfg = Debug|Any CPU
		{413537DD-373E-4D00-967C-93338D4E1B34}.Debug|Any CPU.Build.0 = Debug|Any CPU
		{413537DD-373E-4D00-967C-93338D4E1B34}.Release|Any CPU.ActiveCfg = Release|Any CPU
		{413537DD-373E-4D00-967C-93338D4E1B34}.Release|Any CPU.Build.0 = Release|Any CPU
		{EF6DC2BA-B4A5-43B5-851A-A4486ED25BAF}.Debug|Any CPU.ActiveCfg = Debug|Any CPU
		{EF6DC2BA-B4A5-43B5-851A-A4486ED25BAF}.Debug|Any CPU.Build.0 = Debug|Any CPU
		{EF6DC2BA-B4A5-43B5-851A-A4486ED25BAF}.Release|Any CPU.ActiveCfg = Release|Any CPU
		{EF6DC2BA-B4A5-43B5-851A-A4486ED25BAF}.Release|Any CPU.Build.0 = Release|Any CPU
		{3DF3846F-E5BF-415D-AC54-D94E826E4A05}.Debug|Any CPU.ActiveCfg = Debug|Any CPU
		{3DF3846F-E5BF-415D-AC54-D94E826E4A05}.Debug|Any CPU.Build.0 = Debug|Any CPU
		{3DF3846F-E5BF-415D-AC54-D94E826E4A05}.Release|Any CPU.ActiveCfg = Release|Any CPU
		{3DF3846F-E5BF-415D-AC54-D94E826E4A05}.Release|Any CPU.Build.0 = Release|Any CPU
		{173F1A2F-4FEF-4DB4-8B2B-E07DD8AE4FDB}.Debug|Any CPU.ActiveCfg = Debug|Any CPU
		{173F1A2F-4FEF-4DB4-8B2B-E07DD8AE4FDB}.Debug|Any CPU.Build.0 = Debug|Any CPU
		{173F1A2F-4FEF-4DB4-8B2B-E07DD8AE4FDB}.Release|Any CPU.ActiveCfg = Release|Any CPU
		{173F1A2F-4FEF-4DB4-8B2B-E07DD8AE4FDB}.Release|Any CPU.Build.0 = Release|Any CPU
	EndGlobalSection
	GlobalSection(SolutionProperties) = preSolution
		HideSolutionNode = FALSE
	EndGlobalSection
EndGlobal
